// !$*UTF8*$!
{
	archiveVersion = 1;
	classes = {
	};
	objectVersion = 46;
	objects = {

/* Begin PBXBuildFile section */
		827D49D51CE69BB40026BE60 /* UHClient.m in Sources */ = {isa = PBXBuildFile; fileRef = 827D49D41CE69BB40026BE60 /* UHClient.m */; settings = {ASSET_TAGS = (); }; };
		829114C01CE6AE4300832049 /* UHActivityIndicator.m in Sources */ = {isa = PBXBuildFile; fileRef = 829114BF1CE6AE4300832049 /* UHActivityIndicator.m */; settings = {ASSET_TAGS = (); }; };
		829114C41CE7779800832049 /* UHUserStatisticsController.m in Sources */ = {isa = PBXBuildFile; fileRef = 829114C31CE7779800832049 /* UHUserStatisticsController.m */; settings = {ASSET_TAGS = (); }; };
		82940E2D1CEAEA70008406AA /* UHBooksTableViewController.m in Sources */ = {isa = PBXBuildFile; fileRef = 82940E2C1CEAEA70008406AA /* UHBooksTableViewController.m */; settings = {ASSET_TAGS = (); }; };
		82940E301CEAEAA4008406AA /* UHBooksChaptersTableViewController.m in Sources */ = {isa = PBXBuildFile; fileRef = 82940E2F1CEAEAA4008406AA /* UHBooksChaptersTableViewController.m */; settings = {ASSET_TAGS = (); }; };
		82B4140E1CF0418A007EAA69 /* UIViewControllerTest.m in Sources */ = {isa = PBXBuildFile; fileRef = 82B4140D1CF0418A007EAA69 /* UIViewControllerTest.m */; settings = {ASSET_TAGS = (); }; };
		82B414111CF05403007EAA69 /* UHTableViewControllerBooksChapterTopic.m in Sources */ = {isa = PBXBuildFile; fileRef = 82B414101CF05403007EAA69 /* UHTableViewControllerBooksChapterTopic.m */; settings = {ASSET_TAGS = (); }; };
		82B414141CF058B9007EAA69 /* UHTableViewControllerBooksChapterTopicsProblems.m in Sources */ = {isa = PBXBuildFile; fileRef = 82B414131CF058B9007EAA69 /* UHTableViewControllerBooksChapterTopicsProblems.m */; settings = {ASSET_TAGS = (); }; };
		82B414231CF0C57D007EAA69 /* SWRevealViewController.m in Sources */ = {isa = PBXBuildFile; fileRef = 82B414221CF0C57D007EAA69 /* SWRevealViewController.m */; settings = {ASSET_TAGS = (); }; };
		82B414261CF0C914007EAA69 /* UHViewControllerProfile.m in Sources */ = {isa = PBXBuildFile; fileRef = 82B414251CF0C914007EAA69 /* UHViewControllerProfile.m */; settings = {ASSET_TAGS = (); }; };
		82B414291CF0D008007EAA69 /* UHTableViewControllerNavigationUser.m in Sources */ = {isa = PBXBuildFile; fileRef = 82B414281CF0D008007EAA69 /* UHTableViewControllerNavigationUser.m */; settings = {ASSET_TAGS = (); }; };
		82B4142D1CF11230007EAA69 /* UHTabBarControllerStatistics.m in Sources */ = {isa = PBXBuildFile; fileRef = 82B4142C1CF11230007EAA69 /* UHTabBarControllerStatistics.m */; settings = {ASSET_TAGS = (); }; };
		82B414391CF11F25007EAA69 /* UHTableViewControllerRanking.m in Sources */ = {isa = PBXBuildFile; fileRef = 82B414381CF11F25007EAA69 /* UHTableViewControllerRanking.m */; settings = {ASSET_TAGS = (); }; };
		82DEE1CC1CE68D4600F15A7A /* main.m in Sources */ = {isa = PBXBuildFile; fileRef = 82DEE1CB1CE68D4600F15A7A /* main.m */; };
		82DEE1CF1CE68D4600F15A7A /* AppDelegate.m in Sources */ = {isa = PBXBuildFile; fileRef = 82DEE1CE1CE68D4600F15A7A /* AppDelegate.m */; };
		82DEE1D21CE68D4600F15A7A /* UHLoginController.m in Sources */ = {isa = PBXBuildFile; fileRef = 82DEE1D11CE68D4600F15A7A /* UHLoginController.m */; };
		82DEE1D81CE68D4600F15A7A /* Main.storyboard in Resources */ = {isa = PBXBuildFile; fileRef = 82DEE1D61CE68D4600F15A7A /* Main.storyboard */; };
		82DEE1DA1CE68D4600F15A7A /* Assets.xcassets in Resources */ = {isa = PBXBuildFile; fileRef = 82DEE1D91CE68D4600F15A7A /* Assets.xcassets */; };
		82DEE1DD1CE68D4600F15A7A /* LaunchScreen.storyboard in Resources */ = {isa = PBXBuildFile; fileRef = 82DEE1DB1CE68D4600F15A7A /* LaunchScreen.storyboard */; };
		82DEE1E61CE68FAC00F15A7A /* UHProblemsViewController.m in Sources */ = {isa = PBXBuildFile; fileRef = 82DEE1E51CE68FAC00F15A7A /* UHProblemsViewController.m */; settings = {ASSET_TAGS = (); }; };
		8B752C520EFDCB8E12B1BB6F /* libPods.a in Frameworks */ = {isa = PBXBuildFile; fileRef = AFF4E3B141301A5269DCBE41 /* libPods.a */; };
/* End PBXBuildFile section */

/* Begin PBXFileReference section */
		75EBD5EDCAAC4A8D690F3450 /* Pods.release.xcconfig */ = {isa = PBXFileReference; includeInIndex = 1; lastKnownFileType = text.xcconfig; name = Pods.release.xcconfig; path = "Pods/Target Support Files/Pods/Pods.release.xcconfig"; sourceTree = "<group>"; };
		827D49D31CE69BB40026BE60 /* UHClient.h */ = {isa = PBXFileReference; fileEncoding = 4; lastKnownFileType = sourcecode.c.h; name = UHClient.h; path = models/UHClient.h; sourceTree = "<group>"; };
		827D49D41CE69BB40026BE60 /* UHClient.m */ = {isa = PBXFileReference; fileEncoding = 4; lastKnownFileType = sourcecode.c.objc; name = UHClient.m; path = models/UHClient.m; sourceTree = "<group>"; };
		829114BE1CE6AE4300832049 /* UHActivityIndicator.h */ = {isa = PBXFileReference; fileEncoding = 4; lastKnownFileType = sourcecode.c.h; name = UHActivityIndicator.h; path = ../UHActivityIndicator.h; sourceTree = "<group>"; };
		829114BF1CE6AE4300832049 /* UHActivityIndicator.m */ = {isa = PBXFileReference; fileEncoding = 4; lastKnownFileType = sourcecode.c.objc; name = UHActivityIndicator.m; path = ../UHActivityIndicator.m; sourceTree = "<group>"; };
		829114C21CE7779800832049 /* UHUserStatisticsController.h */ = {isa = PBXFileReference; fileEncoding = 4; lastKnownFileType = sourcecode.c.h; name = UHUserStatisticsController.h; path = controllers/UHUserStatisticsController.h; sourceTree = "<group>"; };
		829114C31CE7779800832049 /* UHUserStatisticsController.m */ = {isa = PBXFileReference; fileEncoding = 4; lastKnownFileType = sourcecode.c.objc; name = UHUserStatisticsController.m; path = controllers/UHUserStatisticsController.m; sourceTree = "<group>"; };
		82940E2B1CEAEA70008406AA /* UHBooksTableViewController.h */ = {isa = PBXFileReference; fileEncoding = 4; lastKnownFileType = sourcecode.c.h; name = UHBooksTableViewController.h; path = controllers/UHBooksTableViewController.h; sourceTree = "<group>"; };
		82940E2C1CEAEA70008406AA /* UHBooksTableViewController.m */ = {isa = PBXFileReference; fileEncoding = 4; lastKnownFileType = sourcecode.c.objc; name = UHBooksTableViewController.m; path = controllers/UHBooksTableViewController.m; sourceTree = "<group>"; };
		82940E2E1CEAEAA4008406AA /* UHBooksChaptersTableViewController.h */ = {isa = PBXFileReference; fileEncoding = 4; lastKnownFileType = sourcecode.c.h; name = UHBooksChaptersTableViewController.h; path = controllers/UHBooksChaptersTableViewController.h; sourceTree = "<group>"; };
		82940E2F1CEAEAA4008406AA /* UHBooksChaptersTableViewController.m */ = {isa = PBXFileReference; fileEncoding = 4; lastKnownFileType = sourcecode.c.objc; name = UHBooksChaptersTableViewController.m; path = controllers/UHBooksChaptersTableViewController.m; sourceTree = "<group>"; };
		82B4140C1CF0418A007EAA69 /* UIViewControllerTest.h */ = {isa = PBXFileReference; fileEncoding = 4; lastKnownFileType = sourcecode.c.h; name = UIViewControllerTest.h; path = ../UIViewControllerTest.h; sourceTree = "<group>"; };
		82B4140D1CF0418A007EAA69 /* UIViewControllerTest.m */ = {isa = PBXFileReference; fileEncoding = 4; lastKnownFileType = sourcecode.c.objc; name = UIViewControllerTest.m; path = ../UIViewControllerTest.m; sourceTree = "<group>"; };
		82B4140F1CF05403007EAA69 /* UHTableViewControllerBooksChapterTopic.h */ = {isa = PBXFileReference; fileEncoding = 4; lastKnownFileType = sourcecode.c.h; name = UHTableViewControllerBooksChapterTopic.h; path = controllers/UHTableViewControllerBooksChapterTopic.h; sourceTree = "<group>"; };
		82B414101CF05403007EAA69 /* UHTableViewControllerBooksChapterTopic.m */ = {isa = PBXFileReference; fileEncoding = 4; lastKnownFileType = sourcecode.c.objc; name = UHTableViewControllerBooksChapterTopic.m; path = controllers/UHTableViewControllerBooksChapterTopic.m; sourceTree = "<group>"; };
		82B414121CF058B9007EAA69 /* UHTableViewControllerBooksChapterTopicsProblems.h */ = {isa = PBXFileReference; fileEncoding = 4; lastKnownFileType = sourcecode.c.h; name = UHTableViewControllerBooksChapterTopicsProblems.h; path = controllers/UHTableViewControllerBooksChapterTopicsProblems.h; sourceTree = "<group>"; };
		82B414131CF058B9007EAA69 /* UHTableViewControllerBooksChapterTopicsProblems.m */ = {isa = PBXFileReference; fileEncoding = 4; lastKnownFileType = sourcecode.c.objc; name = UHTableViewControllerBooksChapterTopicsProblems.m; path = controllers/UHTableViewControllerBooksChapterTopicsProblems.m; sourceTree = "<group>"; };
		82B414211CF0C57D007EAA69 /* SWRevealViewController.h */ = {isa = PBXFileReference; fileEncoding = 4; lastKnownFileType = sourcecode.c.h; path = SWRevealViewController.h; sourceTree = "<group>"; };
		82B414221CF0C57D007EAA69 /* SWRevealViewController.m */ = {isa = PBXFileReference; fileEncoding = 4; lastKnownFileType = sourcecode.c.objc; path = SWRevealViewController.m; sourceTree = "<group>"; };
		82B414241CF0C914007EAA69 /* UHViewControllerProfile.h */ = {isa = PBXFileReference; fileEncoding = 4; lastKnownFileType = sourcecode.c.h; name = UHViewControllerProfile.h; path = controllers/UHViewControllerProfile.h; sourceTree = "<group>"; };
		82B414251CF0C914007EAA69 /* UHViewControllerProfile.m */ = {isa = PBXFileReference; fileEncoding = 4; lastKnownFileType = sourcecode.c.objc; name = UHViewControllerProfile.m; path = controllers/UHViewControllerProfile.m; sourceTree = "<group>"; };
		82B414271CF0D008007EAA69 /* UHTableViewControllerNavigationUser.h */ = {isa = PBXFileReference; fileEncoding = 4; lastKnownFileType = sourcecode.c.h; name = UHTableViewControllerNavigationUser.h; path = controllers/UHTableViewControllerNavigationUser.h; sourceTree = "<group>"; };
		82B414281CF0D008007EAA69 /* UHTableViewControllerNavigationUser.m */ = {isa = PBXFileReference; fileEncoding = 4; lastKnownFileType = sourcecode.c.objc; name = UHTableViewControllerNavigationUser.m; path = controllers/UHTableViewControllerNavigationUser.m; sourceTree = "<group>"; };
		82B4142B1CF11230007EAA69 /* UHTabBarControllerStatistics.h */ = {isa = PBXFileReference; fileEncoding = 4; lastKnownFileType = sourcecode.c.h; name = UHTabBarControllerStatistics.h; path = controllers/UHTabBarControllerStatistics.h; sourceTree = "<group>"; };
		82B4142C1CF11230007EAA69 /* UHTabBarControllerStatistics.m */ = {isa = PBXFileReference; fileEncoding = 4; lastKnownFileType = sourcecode.c.objc; name = UHTabBarControllerStatistics.m; path = controllers/UHTabBarControllerStatistics.m; sourceTree = "<group>"; };
		82B414371CF11F25007EAA69 /* UHTableViewControllerRanking.h */ = {isa = PBXFileReference; fileEncoding = 4; lastKnownFileType = sourcecode.c.h; name = UHTableViewControllerRanking.h; path = controllers/UHTableViewControllerRanking.h; sourceTree = "<group>"; };
		82B414381CF11F25007EAA69 /* UHTableViewControllerRanking.m */ = {isa = PBXFileReference; fileEncoding = 4; lastKnownFileType = sourcecode.c.objc; name = UHTableViewControllerRanking.m; path = controllers/UHTableViewControllerRanking.m; sourceTree = "<group>"; };
		82DEE1C71CE68D4600F15A7A /* UHunting.app */ = {isa = PBXFileReference; explicitFileType = wrapper.application; includeInIndex = 0; path = UHunting.app; sourceTree = BUILT_PRODUCTS_DIR; };
		82DEE1CB1CE68D4600F15A7A /* main.m */ = {isa = PBXFileReference; lastKnownFileType = sourcecode.c.objc; path = main.m; sourceTree = "<group>"; };
		82DEE1CD1CE68D4600F15A7A /* AppDelegate.h */ = {isa = PBXFileReference; lastKnownFileType = sourcecode.c.h; path = AppDelegate.h; sourceTree = "<group>"; };
		82DEE1CE1CE68D4600F15A7A /* AppDelegate.m */ = {isa = PBXFileReference; lastKnownFileType = sourcecode.c.objc; path = AppDelegate.m; sourceTree = "<group>"; };
		82DEE1D01CE68D4600F15A7A /* UHLoginController.h */ = {isa = PBXFileReference; lastKnownFileType = sourcecode.c.h; path = UHLoginController.h; sourceTree = "<group>"; };
		82DEE1D11CE68D4600F15A7A /* UHLoginController.m */ = {isa = PBXFileReference; lastKnownFileType = sourcecode.c.objc; path = UHLoginController.m; sourceTree = "<group>"; };
		82DEE1D71CE68D4600F15A7A /* Base */ = {isa = PBXFileReference; lastKnownFileType = file.storyboard; name = Base; path = Base.lproj/Main.storyboard; sourceTree = "<group>"; };
		82DEE1D91CE68D4600F15A7A /* Assets.xcassets */ = {isa = PBXFileReference; lastKnownFileType = folder.assetcatalog; path = Assets.xcassets; sourceTree = "<group>"; };
		82DEE1DC1CE68D4600F15A7A /* Base */ = {isa = PBXFileReference; lastKnownFileType = file.storyboard; name = Base; path = Base.lproj/LaunchScreen.storyboard; sourceTree = "<group>"; };
		82DEE1DE1CE68D4600F15A7A /* Info.plist */ = {isa = PBXFileReference; lastKnownFileType = text.plist.xml; path = Info.plist; sourceTree = "<group>"; };
		82DEE1E41CE68FAC00F15A7A /* UHProblemsViewController.h */ = {isa = PBXFileReference; fileEncoding = 4; lastKnownFileType = sourcecode.c.h; name = UHProblemsViewController.h; path = controllers/UHProblemsViewController.h; sourceTree = "<group>"; };
		82DEE1E51CE68FAC00F15A7A /* UHProblemsViewController.m */ = {isa = PBXFileReference; fileEncoding = 4; lastKnownFileType = sourcecode.c.objc; name = UHProblemsViewController.m; path = controllers/UHProblemsViewController.m; sourceTree = "<group>"; };
		AFF4E3B141301A5269DCBE41 /* libPods.a */ = {isa = PBXFileReference; explicitFileType = archive.ar; includeInIndex = 0; path = libPods.a; sourceTree = BUILT_PRODUCTS_DIR; };
		F21B94FD187687DEC8DEE4EE /* Pods.debug.xcconfig */ = {isa = PBXFileReference; includeInIndex = 1; lastKnownFileType = text.xcconfig; name = Pods.debug.xcconfig; path = "Pods/Target Support Files/Pods/Pods.debug.xcconfig"; sourceTree = "<group>"; };
/* End PBXFileReference section */

/* Begin PBXFrameworksBuildPhase section */
		82DEE1C41CE68D4600F15A7A /* Frameworks */ = {
			isa = PBXFrameworksBuildPhase;
			buildActionMask = 2147483647;
			files = (
				8B752C520EFDCB8E12B1BB6F /* libPods.a in Frameworks */,
			);
			runOnlyForDeploymentPostprocessing = 0;
		};
/* End PBXFrameworksBuildPhase section */

/* Begin PBXGroup section */
		1312C653E7B57AB66F46701A /* Frameworks */ = {
			isa = PBXGroup;
			children = (
				AFF4E3B141301A5269DCBE41 /* libPods.a */,
			);
			name = Frameworks;
			sourceTree = "<group>";
		};
		827D49D61CE69CD90026BE60 /* helper */ = {
			isa = PBXGroup;
			children = (
				829114BE1CE6AE4300832049 /* UHActivityIndicator.h */,
				829114BF1CE6AE4300832049 /* UHActivityIndicator.m */,
				827D49D31CE69BB40026BE60 /* UHClient.h */,
				827D49D41CE69BB40026BE60 /* UHClient.m */,
			);
			name = helper;
			sourceTree = "<group>";
		};
		829114C11CE7777800832049 /* user */ = {
			isa = PBXGroup;
			children = (
				829114C21CE7779800832049 /* UHUserStatisticsController.h */,
				82B4142B1CF11230007EAA69 /* UHTabBarControllerStatistics.h */,
				82B4142C1CF11230007EAA69 /* UHTabBarControllerStatistics.m */,
				829114C31CE7779800832049 /* UHUserStatisticsController.m */,
				82B414241CF0C914007EAA69 /* UHViewControllerProfile.h */,
				82B414251CF0C914007EAA69 /* UHViewControllerProfile.m */,
				82B414371CF11F25007EAA69 /* UHTableViewControllerRanking.h */,
				82B414381CF11F25007EAA69 /* UHTableViewControllerRanking.m */,
			);
			name = user;
			sourceTree = "<group>";
		};
		82940E2A1CEAEA2C008406AA /* books */ = {
			isa = PBXGroup;
			children = (
				82940E2B1CEAEA70008406AA /* UHBooksTableViewController.h */,
				82940E2C1CEAEA70008406AA /* UHBooksTableViewController.m */,
				82940E2E1CEAEAA4008406AA /* UHBooksChaptersTableViewController.h */,
				82940E2F1CEAEAA4008406AA /* UHBooksChaptersTableViewController.m */,
				82B4140F1CF05403007EAA69 /* UHTableViewControllerBooksChapterTopic.h */,
				82B414101CF05403007EAA69 /* UHTableViewControllerBooksChapterTopic.m */,
				82B414121CF058B9007EAA69 /* UHTableViewControllerBooksChapterTopicsProblems.h */,
				82B414131CF058B9007EAA69 /* UHTableViewControllerBooksChapterTopicsProblems.m */,
			);
			name = books;
			sourceTree = "<group>";
		};
		82B414201CF0C57D007EAA69 /* sidebar */ = {
			isa = PBXGroup;
			children = (
				82B414211CF0C57D007EAA69 /* SWRevealViewController.h */,
				82B414221CF0C57D007EAA69 /* SWRevealViewController.m */,
			);
			name = sidebar;
			path = libraries/sidebar;
			sourceTree = "<group>";
		};
		82B4142A1CF0D011007EAA69 /* menu */ = {
			isa = PBXGroup;
			children = (
				82B414271CF0D008007EAA69 /* UHTableViewControllerNavigationUser.h */,
				82B414281CF0D008007EAA69 /* UHTableViewControllerNavigationUser.m */,
			);
			name = menu;
			sourceTree = "<group>";
		};
		82DEE1BE1CE68D4600F15A7A = {
			isa = PBXGroup;
			children = (
				82DEE1C91CE68D4600F15A7A /* UHunting */,
				82DEE1C81CE68D4600F15A7A /* Products */,
				9E08F369B16160A584DC71B9 /* Pods */,
				1312C653E7B57AB66F46701A /* Frameworks */,
			);
			sourceTree = "<group>";
		};
		82DEE1C81CE68D4600F15A7A /* Products */ = {
			isa = PBXGroup;
			children = (
				82DEE1C71CE68D4600F15A7A /* UHunting.app */,
			);
			name = Products;
			sourceTree = "<group>";
		};
		82DEE1C91CE68D4600F15A7A /* UHunting */ = {
			isa = PBXGroup;
			children = (
				82B4140C1CF0418A007EAA69 /* UIViewControllerTest.h */,
				82B4140D1CF0418A007EAA69 /* UIViewControllerTest.m */,
				827D49D61CE69CD90026BE60 /* helper */,
				82DEE1E81CE69B4100F15A7A /* models */,
				82DEE1E71CE68FB100F15A7A /* controllers */,
				82DEE1CD1CE68D4600F15A7A /* AppDelegate.h */,
				82DEE1CE1CE68D4600F15A7A /* AppDelegate.m */,
				82DEE1D61CE68D4600F15A7A /* Main.storyboard */,
				82DEE1D91CE68D4600F15A7A /* Assets.xcassets */,
				82DEE1DB1CE68D4600F15A7A /* LaunchScreen.storyboard */,
				82DEE1DE1CE68D4600F15A7A /* Info.plist */,
				82DEE1CA1CE68D4600F15A7A /* Supporting Files */,
			);
			path = UHunting;
			sourceTree = "<group>";
		};
		82DEE1CA1CE68D4600F15A7A /* Supporting Files */ = {
			isa = PBXGroup;
			children = (
				82B414201CF0C57D007EAA69 /* sidebar */,
				82DEE1CB1CE68D4600F15A7A /* main.m */,
			);
			name = "Supporting Files";
			sourceTree = "<group>";
		};
		82DEE1E71CE68FB100F15A7A /* controllers */ = {
			isa = PBXGroup;
			children = (
				82B4142A1CF0D011007EAA69 /* menu */,
				82940E2A1CEAEA2C008406AA /* books */,
				829114C11CE7777800832049 /* user */,
				82DEE1D01CE68D4600F15A7A /* UHLoginController.h */,
				82DEE1D11CE68D4600F15A7A /* UHLoginController.m */,
				82DEE1E41CE68FAC00F15A7A /* UHProblemsViewController.h */,
				82DEE1E51CE68FAC00F15A7A /* UHProblemsViewController.m */,
			);
			name = controllers;
			sourceTree = "<group>";
		};
		82DEE1E81CE69B4100F15A7A /* models */ = {
			isa = PBXGroup;
			children = (
			);
			name = models;
			sourceTree = "<group>";
		};
		9E08F369B16160A584DC71B9 /* Pods */ = {
			isa = PBXGroup;
			children = (
				F21B94FD187687DEC8DEE4EE /* Pods.debug.xcconfig */,
				75EBD5EDCAAC4A8D690F3450 /* Pods.release.xcconfig */,
			);
			name = Pods;
			sourceTree = "<group>";
		};
/* End PBXGroup section */

/* Begin PBXNativeTarget section */
		82DEE1C61CE68D4600F15A7A /* UHunting */ = {
			isa = PBXNativeTarget;
			buildConfigurationList = 82DEE1E11CE68D4600F15A7A /* Build configuration list for PBXNativeTarget "UHunting" */;
			buildPhases = (
				19DEA6F5C3CAF928274BC354 /* Check Pods Manifest.lock */,
				82DEE1C31CE68D4600F15A7A /* Sources */,
				82DEE1C41CE68D4600F15A7A /* Frameworks */,
				82DEE1C51CE68D4600F15A7A /* Resources */,
				6DB649253A3840816143BBAF /* Embed Pods Frameworks */,
				2A9E94CEEECEC0643DB64734 /* Copy Pods Resources */,
			);
			buildRules = (
			);
			dependencies = (
			);
			name = UHunting;
			productName = UHunting;
			productReference = 82DEE1C71CE68D4600F15A7A /* UHunting.app */;
			productType = "com.apple.product-type.application";
		};
/* End PBXNativeTarget section */

/* Begin PBXProject section */
		82DEE1BF1CE68D4600F15A7A /* Project object */ = {
			isa = PBXProject;
			attributes = {
				LastUpgradeCheck = 0700;
				ORGANIZATIONNAME = AP;
				TargetAttributes = {
					82DEE1C61CE68D4600F15A7A = {
						CreatedOnToolsVersion = 7.0;
						DevelopmentTeam = J5L39EQ95S;
					};
				};
			};
			buildConfigurationList = 82DEE1C21CE68D4600F15A7A /* Build configuration list for PBXProject "UHunting" */;
			compatibilityVersion = "Xcode 3.2";
			developmentRegion = English;
			hasScannedForEncodings = 0;
			knownRegions = (
				en,
				Base,
			);
			mainGroup = 82DEE1BE1CE68D4600F15A7A;
			productRefGroup = 82DEE1C81CE68D4600F15A7A /* Products */;
			projectDirPath = "";
			projectRoot = "";
			targets = (
				82DEE1C61CE68D4600F15A7A /* UHunting */,
			);
		};
/* End PBXProject section */

/* Begin PBXResourcesBuildPhase section */
		82DEE1C51CE68D4600F15A7A /* Resources */ = {
			isa = PBXResourcesBuildPhase;
			buildActionMask = 2147483647;
			files = (
				82DEE1DD1CE68D4600F15A7A /* LaunchScreen.storyboard in Resources */,
				82DEE1DA1CE68D4600F15A7A /* Assets.xcassets in Resources */,
				82DEE1D81CE68D4600F15A7A /* Main.storyboard in Resources */,
			);
			runOnlyForDeploymentPostprocessing = 0;
		};
/* End PBXResourcesBuildPhase section */

/* Begin PBXShellScriptBuildPhase section */
		19DEA6F5C3CAF928274BC354 /* Check Pods Manifest.lock */ = {
			isa = PBXShellScriptBuildPhase;
			buildActionMask = 2147483647;
			files = (
			);
			inputPaths = (
			);
			name = "Check Pods Manifest.lock";
			outputPaths = (
			);
			runOnlyForDeploymentPostprocessing = 0;
			shellPath = /bin/sh;
			shellScript = "diff \"${PODS_ROOT}/../Podfile.lock\" \"${PODS_ROOT}/Manifest.lock\" > /dev/null\nif [[ $? != 0 ]] ; then\n    cat << EOM\nerror: The sandbox is not in sync with the Podfile.lock. Run 'pod install' or update your CocoaPods installation.\nEOM\n    exit 1\nfi\n";
			showEnvVarsInLog = 0;
		};
		2A9E94CEEECEC0643DB64734 /* Copy Pods Resources */ = {
			isa = PBXShellScriptBuildPhase;
			buildActionMask = 2147483647;
			files = (
			);
			inputPaths = (
			);
			name = "Copy Pods Resources";
			outputPaths = (
			);
			runOnlyForDeploymentPostprocessing = 0;
			shellPath = /bin/sh;
			shellScript = "\"${SRCROOT}/Pods/Target Support Files/Pods/Pods-resources.sh\"\n";
			showEnvVarsInLog = 0;
		};
		6DB649253A3840816143BBAF /* Embed Pods Frameworks */ = {
			isa = PBXShellScriptBuildPhase;
			buildActionMask = 2147483647;
			files = (
			);
			inputPaths = (
			);
			name = "Embed Pods Frameworks";
			outputPaths = (
			);
			runOnlyForDeploymentPostprocessing = 0;
			shellPath = /bin/sh;
			shellScript = "\"${SRCROOT}/Pods/Target Support Files/Pods/Pods-frameworks.sh\"\n";
			showEnvVarsInLog = 0;
		};
/* End PBXShellScriptBuildPhase section */

/* Begin PBXSourcesBuildPhase section */
		82DEE1C31CE68D4600F15A7A /* Sources */ = {
			isa = PBXSourcesBuildPhase;
			buildActionMask = 2147483647;
			files = (
				82B414231CF0C57D007EAA69 /* SWRevealViewController.m in Sources */,
				82B4142D1CF11230007EAA69 /* UHTabBarControllerStatistics.m in Sources */,
				829114C01CE6AE4300832049 /* UHActivityIndicator.m in Sources */,
				82940E301CEAEAA4008406AA /* UHBooksChaptersTableViewController.m in Sources */,
				82940E2D1CEAEA70008406AA /* UHBooksTableViewController.m in Sources */,
				82B414291CF0D008007EAA69 /* UHTableViewControllerNavigationUser.m in Sources */,
				827D49D51CE69BB40026BE60 /* UHClient.m in Sources */,
				82B414261CF0C914007EAA69 /* UHViewControllerProfile.m in Sources */,
				82B414111CF05403007EAA69 /* UHTableViewControllerBooksChapterTopic.m in Sources */,
				82B414391CF11F25007EAA69 /* UHTableViewControllerRanking.m in Sources */,
				82B4140E1CF0418A007EAA69 /* UIViewControllerTest.m in Sources */,
				82DEE1CF1CE68D4600F15A7A /* AppDelegate.m in Sources */,
				829114C41CE7779800832049 /* UHUserStatisticsController.m in Sources */,
				82DEE1E61CE68FAC00F15A7A /* UHProblemsViewController.m in Sources */,
				82DEE1D21CE68D4600F15A7A /* UHLoginController.m in Sources */,
				82DEE1CC1CE68D4600F15A7A /* main.m in Sources */,
				82B414141CF058B9007EAA69 /* UHTableViewControllerBooksChapterTopicsProblems.m in Sources */,
			);
			runOnlyForDeploymentPostprocessing = 0;
		};
/* End PBXSourcesBuildPhase section */

/* Begin PBXVariantGroup section */
		82DEE1D61CE68D4600F15A7A /* Main.storyboard */ = {
			isa = PBXVariantGroup;
			children = (
				82DEE1D71CE68D4600F15A7A /* Base */,
			);
			name = Main.storyboard;
			sourceTree = "<group>";
		};
		82DEE1DB1CE68D4600F15A7A /* LaunchScreen.storyboard */ = {
			isa = PBXVariantGroup;
			children = (
				82DEE1DC1CE68D4600F15A7A /* Base */,
			);
			name = LaunchScreen.storyboard;
			sourceTree = "<group>";
		};
/* End PBXVariantGroup section */

/* Begin XCBuildConfiguration section */
		82DEE1DF1CE68D4600F15A7A /* Debug */ = {
			isa = XCBuildConfiguration;
			buildSettings = {
				ALWAYS_SEARCH_USER_PATHS = NO;
				CLANG_CXX_LANGUAGE_STANDARD = "gnu++0x";
				CLANG_CXX_LIBRARY = "libc++";
				CLANG_ENABLE_MODULES = YES;
				CLANG_ENABLE_OBJC_ARC = YES;
				CLANG_WARN_BOOL_CONVERSION = YES;
				CLANG_WARN_CONSTANT_CONVERSION = YES;
				CLANG_WARN_DIRECT_OBJC_ISA_USAGE = YES_ERROR;
				CLANG_WARN_EMPTY_BODY = YES;
				CLANG_WARN_ENUM_CONVERSION = YES;
				CLANG_WARN_INT_CONVERSION = YES;
				CLANG_WARN_OBJC_ROOT_CLASS = YES_ERROR;
				CLANG_WARN_UNREACHABLE_CODE = YES;
				CLANG_WARN__DUPLICATE_METHOD_MATCH = YES;
				"CODE_SIGN_IDENTITY[sdk=iphoneos*]" = "iPhone Developer";
				COPY_PHASE_STRIP = NO;
				DEBUG_INFORMATION_FORMAT = dwarf;
				ENABLE_STRICT_OBJC_MSGSEND = YES;
				ENABLE_TESTABILITY = YES;
				GCC_C_LANGUAGE_STANDARD = gnu99;
				GCC_DYNAMIC_NO_PIC = NO;
				GCC_NO_COMMON_BLOCKS = YES;
				GCC_OPTIMIZATION_LEVEL = 0;
				GCC_PREPROCESSOR_DEFINITIONS = (
					"DEBUG=1",
					"$(inherited)",
				);
				GCC_WARN_64_TO_32_BIT_CONVERSION = YES;
				GCC_WARN_ABOUT_RETURN_TYPE = YES_ERROR;
				GCC_WARN_UNDECLARED_SELECTOR = YES;
				GCC_WARN_UNINITIALIZED_AUTOS = YES_AGGRESSIVE;
				GCC_WARN_UNUSED_FUNCTION = YES;
				GCC_WARN_UNUSED_VARIABLE = YES;
				IPHONEOS_DEPLOYMENT_TARGET = 9.0;
				MTL_ENABLE_DEBUG_INFO = YES;
				ONLY_ACTIVE_ARCH = YES;
				SDKROOT = iphoneos;
			};
			name = Debug;
		};
		82DEE1E01CE68D4600F15A7A /* Release */ = {
			isa = XCBuildConfiguration;
			buildSettings = {
				ALWAYS_SEARCH_USER_PATHS = NO;
				CLANG_CXX_LANGUAGE_STANDARD = "gnu++0x";
				CLANG_CXX_LIBRARY = "libc++";
				CLANG_ENABLE_MODULES = YES;
				CLANG_ENABLE_OBJC_ARC = YES;
				CLANG_WARN_BOOL_CONVERSION = YES;
				CLANG_WARN_CONSTANT_CONVERSION = YES;
				CLANG_WARN_DIRECT_OBJC_ISA_USAGE = YES_ERROR;
				CLANG_WARN_EMPTY_BODY = YES;
				CLANG_WARN_ENUM_CONVERSION = YES;
				CLANG_WARN_INT_CONVERSION = YES;
				CLANG_WARN_OBJC_ROOT_CLASS = YES_ERROR;
				CLANG_WARN_UNREACHABLE_CODE = YES;
				CLANG_WARN__DUPLICATE_METHOD_MATCH = YES;
				"CODE_SIGN_IDENTITY[sdk=iphoneos*]" = "iPhone Developer";
				COPY_PHASE_STRIP = NO;
				DEBUG_INFORMATION_FORMAT = "dwarf-with-dsym";
				ENABLE_NS_ASSERTIONS = NO;
				ENABLE_STRICT_OBJC_MSGSEND = YES;
				GCC_C_LANGUAGE_STANDARD = gnu99;
				GCC_NO_COMMON_BLOCKS = YES;
				GCC_WARN_64_TO_32_BIT_CONVERSION = YES;
				GCC_WARN_ABOUT_RETURN_TYPE = YES_ERROR;
				GCC_WARN_UNDECLARED_SELECTOR = YES;
				GCC_WARN_UNINITIALIZED_AUTOS = YES_AGGRESSIVE;
				GCC_WARN_UNUSED_FUNCTION = YES;
				GCC_WARN_UNUSED_VARIABLE = YES;
				IPHONEOS_DEPLOYMENT_TARGET = 9.0;
				MTL_ENABLE_DEBUG_INFO = NO;
				SDKROOT = iphoneos;
				VALIDATE_PRODUCT = YES;
			};
			name = Release;
		};
		82DEE1E21CE68D4600F15A7A /* Debug */ = {
			isa = XCBuildConfiguration;
			baseConfigurationReference = F21B94FD187687DEC8DEE4EE /* Pods.debug.xcconfig */;
			buildSettings = {
				ASSETCATALOG_COMPILER_APPICON_NAME = AppIcon;
				INFOPLIST_FILE = UHunting/Info.plist;
				LD_RUNPATH_SEARCH_PATHS = "$(inherited) @executable_path/Frameworks";
				PRODUCT_BUNDLE_IDENTIFIER = com.andrespineda.UHunting;
				PRODUCT_NAME = "$(TARGET_NAME)";
			};
			name = Debug;
		};
		82DEE1E31CE68D4600F15A7A /* Release */ = {
			isa = XCBuildConfiguration;
			baseConfigurationReference = 75EBD5EDCAAC4A8D690F3450 /* Pods.release.xcconfig */;
			buildSettings = {
				ASSETCATALOG_COMPILER_APPICON_NAME = AppIcon;
				INFOPLIST_FILE = UHunting/Info.plist;
				LD_RUNPATH_SEARCH_PATHS = "$(inherited) @executable_path/Frameworks";
				PRODUCT_BUNDLE_IDENTIFIER = com.andrespineda.UHunting;
				PRODUCT_NAME = "$(TARGET_NAME)";
			};
			name = Release;
		};
/* End XCBuildConfiguration section */

/* Begin XCConfigurationList section */
		82DEE1C21CE68D4600F15A7A /* Build configuration list for PBXProject "UHunting" */ = {
			isa = XCConfigurationList;
			buildConfigurations = (
				82DEE1DF1CE68D4600F15A7A /* Debug */,
				82DEE1E01CE68D4600F15A7A /* Release */,
			);
			defaultConfigurationIsVisible = 0;
			defaultConfigurationName = Release;
		};
		82DEE1E11CE68D4600F15A7A /* Build configuration list for PBXNativeTarget "UHunting" */ = {
			isa = XCConfigurationList;
			buildConfigurations = (
				82DEE1E21CE68D4600F15A7A /* Debug */,
				82DEE1E31CE68D4600F15A7A /* Release */,
			);
			defaultConfigurationIsVisible = 0;
			defaultConfigurationName = Release;
		};
/* End XCConfigurationList section */
	};
	rootObject = 82DEE1BF1CE68D4600F15A7A /* Project object */;
}
